
Microsoft Visual Studio Solution File, Format Version 12.00
# Visual Studio Version 17
VisualStudioVersion = 17.5.002.0
MinimumVisualStudioVersion = 10.0.40219.1
Project("{9A19103F-16F7-4668-BE54-9A1E7A4F7556}") = "Develop02", "TeamActivity\Develop02.csproj", "{68B4B0D4-D09A-47ED-BC14-3BAA06315C16}"
EndProject
Project("{2150E333-8FDC-42A3-9474-1A3956D46DE8}") = "csharp-prep", "csharp-prep", "{3E3552A2-9BBD-44A0-B31E-886F2A87B1F2}"
EndProject
Project("{9A19103F-16F7-4668-BE54-9A1E7A4F7556}") = "Prep1", "csharp-prep\Prep1\Prep1.csproj", "{E0E19417-31D6-44A8-9687-D7FB1D2F4DE8}"
EndProject
Project("{9A19103F-16F7-4668-BE54-9A1E7A4F7556}") = "Prep2", "csharp-prep\Prep2\Prep2.csproj", "{64FEE9CF-51EC-49A2-AD78-5208C500857A}"
EndProject
Project("{9A19103F-16F7-4668-BE54-9A1E7A4F7556}") = "Prep3", "csharp-prep\Prep3\Prep3.csproj", "{001F6389-C86F-4991-9F60-54E90F73EE89}"
EndProject
Project("{9A19103F-16F7-4668-BE54-9A1E7A4F7556}") = "Prep4", "csharp-prep\Prep4\Prep4.csproj", "{6D56D785-A6DF-4BA6-91CD-BA9E5AF8B5A3}"
EndProject
Project("{9A19103F-16F7-4668-BE54-9A1E7A4F7556}") = "Prep5", "csharp-prep\Prep5\Prep5.csproj", "{5F6A298E-3A2E-45B4-B42C-90DB00C05992}"
EndProject
Project("{2150E333-8FDC-42A3-9474-1A3956D46DE8}") = "final", "final", "{EFC48087-B14E-4667-A013-620E2ADB6323}"
EndProject
Project("{9A19103F-16F7-4668-BE54-9A1E7A4F7556}") = "FinalProject", "final\FinalProject\FinalProject.csproj", "{E100A479-1180-4B52-AAFD-DDE3C2BA9137}"
EndProject
Project("{9A19103F-16F7-4668-BE54-9A1E7A4F7556}") = "Foundation1", "final\Foundation1\Foundation1.csproj", "{4E009857-9F3E-4A10-8C98-C8372B28E33E}"
EndProject
Project("{9A19103F-16F7-4668-BE54-9A1E7A4F7556}") = "Foundation2", "final\Foundation2\Foundation2.csproj", "{D1AB87E9-FCF4-4DA5-A950-93078E3CDD53}"
EndProject
Project("{9A19103F-16F7-4668-BE54-9A1E7A4F7556}") = "Foundation3", "final\Foundation3\Foundation3.csproj", "{4C54AE3A-D939-44C6-BA78-B109B961A44F}"
EndProject
Project("{9A19103F-16F7-4668-BE54-9A1E7A4F7556}") = "Foundation4", "final\Foundation4\Foundation4.csproj", "{62661D06-C6F8-4EE4-9205-7E78C1396889}"
EndProject
Project("{2150E333-8FDC-42A3-9474-1A3956D46DE8}") = "prepare", "prepare", "{CDCB5593-5114-4EC9-A772-177C13CC5EFE}"
EndProject
Project("{9A19103F-16F7-4668-BE54-9A1E7A4F7556}") = "Learning02", "prepare\Learning02\Learning02.csproj", "{A83536D1-4609-4013-9B52-11C53A7A583B}"
EndProject
Project("{9A19103F-16F7-4668-BE54-9A1E7A4F7556}") = "Learning03", "prepare\Learning03\Learning03.csproj", "{943A1B33-DD15-4276-964A-9432689D9F7D}"
EndProject
Project("{9A19103F-16F7-4668-BE54-9A1E7A4F7556}") = "Learning04", "prepare\Learning04\Learning04.csproj", "{C5B4ED4D-EC15-412E-A8CB-551D0B3C77E1}"
EndProject
Project("{9A19103F-16F7-4668-BE54-9A1E7A4F7556}") = "Learning05", "prepare\Learning05\Learning05.csproj", "{BD85672A-44E6-4CE0-A89B-B7FB1DD26F8D}"
EndProject
Project("{2150E333-8FDC-42A3-9474-1A3956D46DE8}") = "prove", "prove", "{397F6EE7-AF96-47F0-860F-68E7007210A7}"
EndProject
Project("{9A19103F-16F7-4668-BE54-9A1E7A4F7556}") = "Develop02", "prove\Develop02\Develop02.csproj", "{3F6E69D8-BD12-4523-A6A4-452A8027907F}"
EndProject
Project("{9A19103F-16F7-4668-BE54-9A1E7A4F7556}") = "Develop03", "prove\Develop03\Develop03.csproj", "{09ADC545-7EC8-446C-AAC1-709D2BAA9DB7}"
EndProject
Project("{9A19103F-16F7-4668-BE54-9A1E7A4F7556}") = "Develop04", "prove\Develop04\Develop04.csproj", "{2F70B51F-FC59-4882-8D8E-D65ABB93417E}"
EndProject
Project("{9A19103F-16F7-4668-BE54-9A1E7A4F7556}") = "Develop05", "prove\Develop05\Develop05.csproj", "{E960E813-8504-46B9-9381-4A098B38C074}"
EndProject
Project("{2150E333-8FDC-42A3-9474-1A3956D46DE8}") = "sandbox", "sandbox", "{72757E19-E434-4B4D-881F-88597534D3B6}"
EndProject
Project("{9A19103F-16F7-4668-BE54-9A1E7A4F7556}") = "Sandbox", "sandbox\Sandbox\Sandbox.csproj", "{D1C93268-762D-4692-9B8F-7402C4F92D8F}"
EndProject
Project("{2150E333-8FDC-42A3-9474-1A3956D46DE8}") = "TeamActivity", "TeamActivity", "{2FD1D17D-0A85-4962-9A19-67C034B5D5F7}"
EndProject
Project("{9A19103F-16F7-4668-BE54-9A1E7A4F7556}") = "Learning04", "TeamActivity\Week06\Learning04.csproj", "{4E98B4E2-CA8A-46E9-9747-C5DBD16E47C1}"
EndProject
Global
	GlobalSection(SolutionConfigurationPlatforms) = preSolution
		Debug|Any CPU = Debug|Any CPU
		Release|Any CPU = Release|Any CPU
	EndGlobalSection
	GlobalSection(ProjectConfigurationPlatforms) = postSolution
		{68B4B0D4-D09A-47ED-BC14-3BAA06315C16}.Debug|Any CPU.ActiveCfg = Debug|Any CPU
		{68B4B0D4-D09A-47ED-BC14-3BAA06315C16}.Debug|Any CPU.Build.0 = Debug|Any CPU
		{68B4B0D4-D09A-47ED-BC14-3BAA06315C16}.Release|Any CPU.ActiveCfg = Release|Any CPU
		{68B4B0D4-D09A-47ED-BC14-3BAA06315C16}.Release|Any CPU.Build.0 = Release|Any CPU
		{E0E19417-31D6-44A8-9687-D7FB1D2F4DE8}.Debug|Any CPU.ActiveCfg = Debug|Any CPU
		{E0E19417-31D6-44A8-9687-D7FB1D2F4DE8}.Debug|Any CPU.Build.0 = Debug|Any CPU
		{E0E19417-31D6-44A8-9687-D7FB1D2F4DE8}.Release|Any CPU.ActiveCfg = Release|Any CPU
		{E0E19417-31D6-44A8-9687-D7FB1D2F4DE8}.Release|Any CPU.Build.0 = Release|Any CPU
		{64FEE9CF-51EC-49A2-AD78-5208C500857A}.Debug|Any CPU.ActiveCfg = Debug|Any CPU
		{64FEE9CF-51EC-49A2-AD78-5208C500857A}.Debug|Any CPU.Build.0 = Debug|Any CPU
		{64FEE9CF-51EC-49A2-AD78-5208C500857A}.Release|Any CPU.ActiveCfg = Release|Any CPU
		{64FEE9CF-51EC-49A2-AD78-5208C500857A}.Release|Any CPU.Build.0 = Release|Any CPU
		{001F6389-C86F-4991-9F60-54E90F73EE89}.Debug|Any CPU.ActiveCfg = Debug|Any CPU
		{001F6389-C86F-4991-9F60-54E90F73EE89}.Debug|Any CPU.Build.0 = Debug|Any CPU
		{001F6389-C86F-4991-9F60-54E90F73EE89}.Release|Any CPU.ActiveCfg = Release|Any CPU
		{001F6389-C86F-4991-9F60-54E90F73EE89}.Release|Any CPU.Build.0 = Release|Any CPU
		{6D56D785-A6DF-4BA6-91CD-BA9E5AF8B5A3}.Debug|Any CPU.ActiveCfg = Debug|Any CPU
		{6D56D785-A6DF-4BA6-91CD-BA9E5AF8B5A3}.Debug|Any CPU.Build.0 = Debug|Any CPU
		{6D56D785-A6DF-4BA6-91CD-BA9E5AF8B5A3}.Release|Any CPU.ActiveCfg = Release|Any CPU
		{6D56D785-A6DF-4BA6-91CD-BA9E5AF8B5A3}.Release|Any CPU.Build.0 = Release|Any CPU
		{5F6A298E-3A2E-45B4-B42C-90DB00C05992}.Debug|Any CPU.ActiveCfg = Debug|Any CPU
		{5F6A298E-3A2E-45B4-B42C-90DB00C05992}.Debug|Any CPU.Build.0 = Debug|Any CPU
		{5F6A298E-3A2E-45B4-B42C-90DB00C05992}.Release|Any CPU.ActiveCfg = Release|Any CPU
		{5F6A298E-3A2E-45B4-B42C-90DB00C05992}.Release|Any CPU.Build.0 = Release|Any CPU
		{E100A479-1180-4B52-AAFD-DDE3C2BA9137}.Debug|Any CPU.ActiveCfg = Debug|Any CPU
		{E100A479-1180-4B52-AAFD-DDE3C2BA9137}.Debug|Any CPU.Build.0 = Debug|Any CPU
		{E100A479-1180-4B52-AAFD-DDE3C2BA9137}.Release|Any CPU.ActiveCfg = Release|Any CPU
		{E100A479-1180-4B52-AAFD-DDE3C2BA9137}.Release|Any CPU.Build.0 = Release|Any CPU
		{4E009857-9F3E-4A10-8C98-C8372B28E33E}.Debug|Any CPU.ActiveCfg = Debug|Any CPU
		{4E009857-9F3E-4A10-8C98-C8372B28E33E}.Debug|Any CPU.Build.0 = Debug|Any CPU
		{4E009857-9F3E-4A10-8C98-C8372B28E33E}.Release|Any CPU.ActiveCfg = Release|Any CPU
		{4E009857-9F3E-4A10-8C98-C8372B28E33E}.Release|Any CPU.Build.0 = Release|Any CPU
		{D1AB87E9-FCF4-4DA5-A950-93078E3CDD53}.Debug|Any CPU.ActiveCfg = Debug|Any CPU
		{D1AB87E9-FCF4-4DA5-A950-93078E3CDD53}.Debug|Any CPU.Build.0 = Debug|Any CPU
		{D1AB87E9-FCF4-4DA5-A950-93078E3CDD53}.Release|Any CPU.ActiveCfg = Release|Any CPU
		{D1AB87E9-FCF4-4DA5-A950-93078E3CDD53}.Release|Any CPU.Build.0 = Release|Any CPU
		{4C54AE3A-D939-44C6-BA78-B109B961A44F}.Debug|Any CPU.ActiveCfg = Debug|Any CPU
		{4C54AE3A-D939-44C6-BA78-B109B961A44F}.Debug|Any CPU.Build.0 = Debug|Any CPU
		{4C54AE3A-D939-44C6-BA78-B109B961A44F}.Release|Any CPU.ActiveCfg = Release|Any CPU
		{4C54AE3A-D939-44C6-BA78-B109B961A44F}.Release|Any CPU.Build.0 = Release|Any CPU
		{62661D06-C6F8-4EE4-9205-7E78C1396889}.Debug|Any CPU.ActiveCfg = Debug|Any CPU
		{62661D06-C6F8-4EE4-9205-7E78C1396889}.Debug|Any CPU.Build.0 = Debug|Any CPU
		{62661D06-C6F8-4EE4-9205-7E78C1396889}.Release|Any CPU.ActiveCfg = Release|Any CPU
		{62661D06-C6F8-4EE4-9205-7E78C1396889}.Release|Any CPU.Build.0 = Release|Any CPU
		{A83536D1-4609-4013-9B52-11C53A7A583B}.Debug|Any CPU.ActiveCfg = Debug|Any CPU
		{A83536D1-4609-4013-9B52-11C53A7A583B}.Debug|Any CPU.Build.0 = Debug|Any CPU
		{A83536D1-4609-4013-9B52-11C53A7A583B}.Release|Any CPU.ActiveCfg = Release|Any CPU
		{A83536D1-4609-4013-9B52-11C53A7A583B}.Release|Any CPU.Build.0 = Release|Any CPU
		{943A1B33-DD15-4276-964A-9432689D9F7D}.Debug|Any CPU.ActiveCfg = Debug|Any CPU
		{943A1B33-DD15-4276-964A-9432689D9F7D}.Debug|Any CPU.Build.0 = Debug|Any CPU
		{943A1B33-DD15-4276-964A-9432689D9F7D}.Release|Any CPU.ActiveCfg = Release|Any CPU
		{943A1B33-DD15-4276-964A-9432689D9F7D}.Release|Any CPU.Build.0 = Release|Any CPU
		{C5B4ED4D-EC15-412E-A8CB-551D0B3C77E1}.Debug|Any CPU.ActiveCfg = Debug|Any CPU
		{C5B4ED4D-EC15-412E-A8CB-551D0B3C77E1}.Debug|Any CPU.Build.0 = Debug|Any CPU
		{C5B4ED4D-EC15-412E-A8CB-551D0B3C77E1}.Release|Any CPU.ActiveCfg = Release|Any CPU
		{C5B4ED4D-EC15-412E-A8CB-551D0B3C77E1}.Release|Any CPU.Build.0 = Release|Any CPU
		{BD85672A-44E6-4CE0-A89B-B7FB1DD26F8D}.Debug|Any CPU.ActiveCfg = Debug|Any CPU
		{BD85672A-44E6-4CE0-A89B-B7FB1DD26F8D}.Debug|Any CPU.Build.0 = Debug|Any CPU
		{BD85672A-44E6-4CE0-A89B-B7FB1DD26F8D}.Release|Any CPU.ActiveCfg = Release|Any CPU
		{BD85672A-44E6-4CE0-A89B-B7FB1DD26F8D}.Release|Any CPU.Build.0 = Release|Any CPU
		{3F6E69D8-BD12-4523-A6A4-452A8027907F}.Debug|Any CPU.ActiveCfg = Debug|Any CPU
		{3F6E69D8-BD12-4523-A6A4-452A8027907F}.Debug|Any CPU.Build.0 = Debug|Any CPU
		{3F6E69D8-BD12-4523-A6A4-452A8027907F}.Release|Any CPU.ActiveCfg = Release|Any CPU
		{3F6E69D8-BD12-4523-A6A4-452A8027907F}.Release|Any CPU.Build.0 = Release|Any CPU
		{09ADC545-7EC8-446C-AAC1-709D2BAA9DB7}.Debug|Any CPU.ActiveCfg = Debug|Any CPU
		{09ADC545-7EC8-446C-AAC1-709D2BAA9DB7}.Debug|Any CPU.Build.0 = Debug|Any CPU
		{09ADC545-7EC8-446C-AAC1-709D2BAA9DB7}.Release|Any CPU.ActiveCfg = Release|Any CPU
		{09ADC545-7EC8-446C-AAC1-709D2BAA9DB7}.Release|Any CPU.Build.0 = Release|Any CPU
		{2F70B51F-FC59-4882-8D8E-D65ABB93417E}.Debug|Any CPU.ActiveCfg = Debug|Any CPU
		{2F70B51F-FC59-4882-8D8E-D65ABB93417E}.Debug|Any CPU.Build.0 = Debug|Any CPU
		{2F70B51F-FC59-4882-8D8E-D65ABB93417E}.Release|Any CPU.ActiveCfg = Release|Any CPU
		{2F70B51F-FC59-4882-8D8E-D65ABB93417E}.Release|Any CPU.Build.0 = Release|Any CPU
		{E960E813-8504-46B9-9381-4A098B38C074}.Debug|Any CPU.ActiveCfg = Debug|Any CPU
		{E960E813-8504-46B9-9381-4A098B38C074}.Debug|Any CPU.Build.0 = Debug|Any CPU
		{E960E813-8504-46B9-9381-4A098B38C074}.Release|Any CPU.ActiveCfg = Release|Any CPU
		{E960E813-8504-46B9-9381-4A098B38C074}.Release|Any CPU.Build.0 = Release|Any CPU
		{D1C93268-762D-4692-9B8F-7402C4F92D8F}.Debug|Any CPU.ActiveCfg = Debug|Any CPU
		{D1C93268-762D-4692-9B8F-7402C4F92D8F}.Debug|Any CPU.Build.0 = Debug|Any CPU
		{D1C93268-762D-4692-9B8F-7402C4F92D8F}.Release|Any CPU.ActiveCfg = Release|Any CPU
		{D1C93268-762D-4692-9B8F-7402C4F92D8F}.Release|Any CPU.Build.0 = Release|Any CPU
		{4E98B4E2-CA8A-46E9-9747-C5DBD16E47C1}.Debug|Any CPU.ActiveCfg = Debug|Any CPU
		{4E98B4E2-CA8A-46E9-9747-C5DBD16E47C1}.Debug|Any CPU.Build.0 = Debug|Any CPU
		{4E98B4E2-CA8A-46E9-9747-C5DBD16E47C1}.Release|Any CPU.ActiveCfg = Release|Any CPU
		{4E98B4E2-CA8A-46E9-9747-C5DBD16E47C1}.Release|Any CPU.Build.0 = Release|Any CPU
	EndGlobalSection
	GlobalSection(SolutionProperties) = preSolution
		HideSolutionNode = FALSE
	EndGlobalSection
	GlobalSection(NestedProjects) = preSolution
		{E0E19417-31D6-44A8-9687-D7FB1D2F4DE8} = {3E3552A2-9BBD-44A0-B31E-886F2A87B1F2}
		{64FEE9CF-51EC-49A2-AD78-5208C500857A} = {3E3552A2-9BBD-44A0-B31E-886F2A87B1F2}
		{001F6389-C86F-4991-9F60-54E90F73EE89} = {3E3552A2-9BBD-44A0-B31E-886F2A87B1F2}
		{6D56D785-A6DF-4BA6-91CD-BA9E5AF8B5A3} = {3E3552A2-9BBD-44A0-B31E-886F2A87B1F2}
		{5F6A298E-3A2E-45B4-B42C-90DB00C05992} = {3E3552A2-9BBD-44A0-B31E-886F2A87B1F2}
		{E100A479-1180-4B52-AAFD-DDE3C2BA9137} = {EFC48087-B14E-4667-A013-620E2ADB6323}
		{4E009857-9F3E-4A10-8C98-C8372B28E33E} = {EFC48087-B14E-4667-A013-620E2ADB6323}
		{D1AB87E9-FCF4-4DA5-A950-93078E3CDD53} = {EFC48087-B14E-4667-A013-620E2ADB6323}
		{4C54AE3A-D939-44C6-BA78-B109B961A44F} = {EFC48087-B14E-4667-A013-620E2ADB6323}
		{62661D06-C6F8-4EE4-9205-7E78C1396889} = {EFC48087-B14E-4667-A013-620E2ADB6323}
		{A83536D1-4609-4013-9B52-11C53A7A583B} = {CDCB5593-5114-4EC9-A772-177C13CC5EFE}
		{943A1B33-DD15-4276-964A-9432689D9F7D} = {CDCB5593-5114-4EC9-A772-177C13CC5EFE}
		{C5B4ED4D-EC15-412E-A8CB-551D0B3C77E1} = {CDCB5593-5114-4EC9-A772-177C13CC5EFE}
		{BD85672A-44E6-4CE0-A89B-B7FB1DD26F8D} = {CDCB5593-5114-4EC9-A772-177C13CC5EFE}
		{3F6E69D8-BD12-4523-A6A4-452A8027907F} = {397F6EE7-AF96-47F0-860F-68E7007210A7}
		{09ADC545-7EC8-446C-AAC1-709D2BAA9DB7} = {397F6EE7-AF96-47F0-860F-68E7007210A7}
		{2F70B51F-FC59-4882-8D8E-D65ABB93417E} = {397F6EE7-AF96-47F0-860F-68E7007210A7}
		{E960E813-8504-46B9-9381-4A098B38C074} = {397F6EE7-AF96-47F0-860F-68E7007210A7}
		{D1C93268-762D-4692-9B8F-7402C4F92D8F} = {72757E19-E434-4B4D-881F-88597534D3B6}
		{4E98B4E2-CA8A-46E9-9747-C5DBD16E47C1} = {2FD1D17D-0A85-4962-9A19-67C034B5D5F7}
	EndGlobalSection
	GlobalSection(ExtensibilityGlobals) = postSolution
		SolutionGuid = {0367B9C0-7933-470D-A644-D5312745F561}
	EndGlobalSection
EndGlobal
